
Microsoft Visual Studio Solution File, Format Version 12.00
# Visual Studio Version 16
VisualStudioVersion = 16.0.30114.105
MinimumVisualStudioVersion = 10.0.40219.1
Project("{2150E333-8FDC-42A3-9474-1A3956D46DE8}") = "src", "src", "{C8CEB4CA-753F-45B3-B53F-45DFCCF95198}"
EndProject
Project("{FAE04EC0-301F-11D3-BF4B-00C04F79EFBC}") = "api", "src\api\api.csproj", "{2C796F81-362A-4DA5-AF38-D896F337EE61}"
EndProject
Project("{FAE04EC0-301F-11D3-BF4B-00C04F79EFBC}") = "Helpers", "src\Helpers\Helpers.csproj", "{4CC5FA03-4D6C-4448-8828-6FF2AC4DC55B}"
EndProject
Project("{2150E333-8FDC-42A3-9474-1A3956D46DE8}") = "Entities", "Entities", "{774D294E-C383-497B-B396-F26715920239}"
EndProject
Project("{FAE04EC0-301F-11D3-BF4B-00C04F79EFBC}") = "MongoEntities", "src\Entities\MongoEntities\MongoEntities.csproj", "{7F3C603D-C18D-48B7-A928-72BFC05CB2A3}"
EndProject
Project("{FAE04EC0-301F-11D3-BF4B-00C04F79EFBC}") = "Models", "src\Models\Models.csproj", "{1850766D-7B15-42D6-9D45-0EA2687992FF}"
EndProject
Project("{FAE04EC0-301F-11D3-BF4B-00C04F79EFBC}") = "Services", "src\Services\Services.csproj", "{2D17BA5D-F8F3-42B8-A59A-B1C7C546E837}"
EndProject
Project("{2150E333-8FDC-42A3-9474-1A3956D46DE8}") = "tests", "tests", "{3F25D2B1-BBA0-4126-A0C7-E15703444EAC}"
EndProject
Project("{FAE04EC0-301F-11D3-BF4B-00C04F79EFBC}") = "Test.API", "tests\Test.API\Test.API.csproj", "{BF882DEE-596F-4B7F-A8D5-E323AD18FF45}"
EndProject
Global
	GlobalSection(SolutionConfigurationPlatforms) = preSolution
		Debug|Any CPU = Debug|Any CPU
		Debug|x64 = Debug|x64
		Debug|x86 = Debug|x86
		Release|Any CPU = Release|Any CPU
		Release|x64 = Release|x64
		Release|x86 = Release|x86
	EndGlobalSection
	GlobalSection(SolutionProperties) = preSolution
		HideSolutionNode = FALSE
	EndGlobalSection
	GlobalSection(ProjectConfigurationPlatforms) = postSolution
		{2C796F81-362A-4DA5-AF38-D896F337EE61}.Debug|Any CPU.ActiveCfg = Debug|Any CPU
		{2C796F81-362A-4DA5-AF38-D896F337EE61}.Debug|Any CPU.Build.0 = Debug|Any CPU
		{2C796F81-362A-4DA5-AF38-D896F337EE61}.Debug|x64.ActiveCfg = Debug|Any CPU
		{2C796F81-362A-4DA5-AF38-D896F337EE61}.Debug|x64.Build.0 = Debug|Any CPU
		{2C796F81-362A-4DA5-AF38-D896F337EE61}.Debug|x86.ActiveCfg = Debug|Any CPU
		{2C796F81-362A-4DA5-AF38-D896F337EE61}.Debug|x86.Build.0 = Debug|Any CPU
		{2C796F81-362A-4DA5-AF38-D896F337EE61}.Release|Any CPU.ActiveCfg = Release|Any CPU
		{2C796F81-362A-4DA5-AF38-D896F337EE61}.Release|Any CPU.Build.0 = Release|Any CPU
		{2C796F81-362A-4DA5-AF38-D896F337EE61}.Release|x64.ActiveCfg = Release|Any CPU
		{2C796F81-362A-4DA5-AF38-D896F337EE61}.Release|x64.Build.0 = Release|Any CPU
		{2C796F81-362A-4DA5-AF38-D896F337EE61}.Release|x86.ActiveCfg = Release|Any CPU
		{2C796F81-362A-4DA5-AF38-D896F337EE61}.Release|x86.Build.0 = Release|Any CPU
		{4CC5FA03-4D6C-4448-8828-6FF2AC4DC55B}.Debug|Any CPU.ActiveCfg = Debug|Any CPU
		{4CC5FA03-4D6C-4448-8828-6FF2AC4DC55B}.Debug|Any CPU.Build.0 = Debug|Any CPU
		{4CC5FA03-4D6C-4448-8828-6FF2AC4DC55B}.Debug|x64.ActiveCfg = Debug|Any CPU
		{4CC5FA03-4D6C-4448-8828-6FF2AC4DC55B}.Debug|x64.Build.0 = Debug|Any CPU
		{4CC5FA03-4D6C-4448-8828-6FF2AC4DC55B}.Debug|x86.ActiveCfg = Debug|Any CPU
		{4CC5FA03-4D6C-4448-8828-6FF2AC4DC55B}.Debug|x86.Build.0 = Debug|Any CPU
		{4CC5FA03-4D6C-4448-8828-6FF2AC4DC55B}.Release|Any CPU.ActiveCfg = Release|Any CPU
		{4CC5FA03-4D6C-4448-8828-6FF2AC4DC55B}.Release|Any CPU.Build.0 = Release|Any CPU
		{4CC5FA03-4D6C-4448-8828-6FF2AC4DC55B}.Release|x64.ActiveCfg = Release|Any CPU
		{4CC5FA03-4D6C-4448-8828-6FF2AC4DC55B}.Release|x64.Build.0 = Release|Any CPU
		{4CC5FA03-4D6C-4448-8828-6FF2AC4DC55B}.Release|x86.ActiveCfg = Release|Any CPU
		{4CC5FA03-4D6C-4448-8828-6FF2AC4DC55B}.Release|x86.Build.0 = Release|Any CPU
		{7F3C603D-C18D-48B7-A928-72BFC05CB2A3}.Debug|Any CPU.ActiveCfg = Debug|Any CPU
		{7F3C603D-C18D-48B7-A928-72BFC05CB2A3}.Debug|Any CPU.Build.0 = Debug|Any CPU
		{7F3C603D-C18D-48B7-A928-72BFC05CB2A3}.Debug|x64.ActiveCfg = Debug|Any CPU
		{7F3C603D-C18D-48B7-A928-72BFC05CB2A3}.Debug|x64.Build.0 = Debug|Any CPU
		{7F3C603D-C18D-48B7-A928-72BFC05CB2A3}.Debug|x86.ActiveCfg = Debug|Any CPU
		{7F3C603D-C18D-48B7-A928-72BFC05CB2A3}.Debug|x86.Build.0 = Debug|Any CPU
		{7F3C603D-C18D-48B7-A928-72BFC05CB2A3}.Release|Any CPU.ActiveCfg = Release|Any CPU
		{7F3C603D-C18D-48B7-A928-72BFC05CB2A3}.Release|Any CPU.Build.0 = Release|Any CPU
		{7F3C603D-C18D-48B7-A928-72BFC05CB2A3}.Release|x64.ActiveCfg = Release|Any CPU
		{7F3C603D-C18D-48B7-A928-72BFC05CB2A3}.Release|x64.Build.0 = Release|Any CPU
		{7F3C603D-C18D-48B7-A928-72BFC05CB2A3}.Release|x86.ActiveCfg = Release|Any CPU
		{7F3C603D-C18D-48B7-A928-72BFC05CB2A3}.Release|x86.Build.0 = Release|Any CPU
		{1850766D-7B15-42D6-9D45-0EA2687992FF}.Debug|Any CPU.ActiveCfg = Debug|Any CPU
		{1850766D-7B15-42D6-9D45-0EA2687992FF}.Debug|Any CPU.Build.0 = Debug|Any CPU
		{1850766D-7B15-42D6-9D45-0EA2687992FF}.Debug|x64.ActiveCfg = Debug|Any CPU
		{1850766D-7B15-42D6-9D45-0EA2687992FF}.Debug|x64.Build.0 = Debug|Any CPU
		{1850766D-7B15-42D6-9D45-0EA2687992FF}.Debug|x86.ActiveCfg = Debug|Any CPU
		{1850766D-7B15-42D6-9D45-0EA2687992FF}.Debug|x86.Build.0 = Debug|Any CPU
		{1850766D-7B15-42D6-9D45-0EA2687992FF}.Release|Any CPU.ActiveCfg = Release|Any CPU
		{1850766D-7B15-42D6-9D45-0EA2687992FF}.Release|Any CPU.Build.0 = Release|Any CPU
		{1850766D-7B15-42D6-9D45-0EA2687992FF}.Release|x64.ActiveCfg = Release|Any CPU
		{1850766D-7B15-42D6-9D45-0EA2687992FF}.Release|x64.Build.0 = Release|Any CPU
		{1850766D-7B15-42D6-9D45-0EA2687992FF}.Release|x86.ActiveCfg = Release|Any CPU
		{1850766D-7B15-42D6-9D45-0EA2687992FF}.Release|x86.Build.0 = Release|Any CPU
		{2D17BA5D-F8F3-42B8-A59A-B1C7C546E837}.Debug|Any CPU.ActiveCfg = Debug|Any CPU
		{2D17BA5D-F8F3-42B8-A59A-B1C7C546E837}.Debug|Any CPU.Build.0 = Debug|Any CPU
		{2D17BA5D-F8F3-42B8-A59A-B1C7C546E837}.Debug|x64.ActiveCfg = Debug|Any CPU
		{2D17BA5D-F8F3-42B8-A59A-B1C7C546E837}.Debug|x64.Build.0 = Debug|Any CPU
		{2D17BA5D-F8F3-42B8-A59A-B1C7C546E837}.Debug|x86.ActiveCfg = Debug|Any CPU
		{2D17BA5D-F8F3-42B8-A59A-B1C7C546E837}.Debug|x86.Build.0 = Debug|Any CPU
		{2D17BA5D-F8F3-42B8-A59A-B1C7C546E837}.Release|Any CPU.ActiveCfg = Release|Any CPU
		{2D17BA5D-F8F3-42B8-A59A-B1C7C546E837}.Release|Any CPU.Build.0 = Release|Any CPU
		{2D17BA5D-F8F3-42B8-A59A-B1C7C546E837}.Release|x64.ActiveCfg = Release|Any CPU
		{2D17BA5D-F8F3-42B8-A59A-B1C7C546E837}.Release|x64.Build.0 = Release|Any CPU
		{2D17BA5D-F8F3-42B8-A59A-B1C7C546E837}.Release|x86.ActiveCfg = Release|Any CPU
		{2D17BA5D-F8F3-42B8-A59A-B1C7C546E837}.Release|x86.Build.0 = Release|Any CPU
		{BF882DEE-596F-4B7F-A8D5-E323AD18FF45}.Debug|Any CPU.ActiveCfg = Debug|Any CPU
		{BF882DEE-596F-4B7F-A8D5-E323AD18FF45}.Debug|Any CPU.Build.0 = Debug|Any CPU
		{BF882DEE-596F-4B7F-A8D5-E323AD18FF45}.Debug|x64.ActiveCfg = Debug|Any CPU
		{BF882DEE-596F-4B7F-A8D5-E323AD18FF45}.Debug|x64.Build.0 = Debug|Any CPU
		{BF882DEE-596F-4B7F-A8D5-E323AD18FF45}.Debug|x86.ActiveCfg = Debug|Any CPU
		{BF882DEE-596F-4B7F-A8D5-E323AD18FF45}.Debug|x86.Build.0 = Debug|Any CPU
		{BF882DEE-596F-4B7F-A8D5-E323AD18FF45}.Release|Any CPU.ActiveCfg = Release|Any CPU
		{BF882DEE-596F-4B7F-A8D5-E323AD18FF45}.Release|Any CPU.Build.0 = Release|Any CPU
		{BF882DEE-596F-4B7F-A8D5-E323AD18FF45}.Release|x64.ActiveCfg = Release|Any CPU
		{BF882DEE-596F-4B7F-A8D5-E323AD18FF45}.Release|x64.Build.0 = Release|Any CPU
		{BF882DEE-596F-4B7F-A8D5-E323AD18FF45}.Release|x86.ActiveCfg = Release|Any CPU
		{BF882DEE-596F-4B7F-A8D5-E323AD18FF45}.Release|x86.Build.0 = Release|Any CPU
	EndGlobalSection
	GlobalSection(NestedProjects) = preSolution
		{2C796F81-362A-4DA5-AF38-D896F337EE61} = {C8CEB4CA-753F-45B3-B53F-45DFCCF95198}
		{4CC5FA03-4D6C-4448-8828-6FF2AC4DC55B} = {C8CEB4CA-753F-45B3-B53F-45DFCCF95198}
		{774D294E-C383-497B-B396-F26715920239} = {C8CEB4CA-753F-45B3-B53F-45DFCCF95198}
		{7F3C603D-C18D-48B7-A928-72BFC05CB2A3} = {774D294E-C383-497B-B396-F26715920239}
		{1850766D-7B15-42D6-9D45-0EA2687992FF} = {C8CEB4CA-753F-45B3-B53F-45DFCCF95198}
		{2D17BA5D-F8F3-42B8-A59A-B1C7C546E837} = {C8CEB4CA-753F-45B3-B53F-45DFCCF95198}
		{BF882DEE-596F-4B7F-A8D5-E323AD18FF45} = {3F25D2B1-BBA0-4126-A0C7-E15703444EAC}
	EndGlobalSection
EndGlobal
